
Microsoft Visual Studio Solution File, Format Version 12.00
# Visual Studio Version 16
VisualStudioVersion = 16.0.31911.196
MinimumVisualStudioVersion = 10.0.40219.1
Project("{9A19103F-16F7-4668-BE54-9A1E7A4F7556}") = "SecureStorage", "SecureStorage.csproj", "{52A85B6F-9C61-4BCC-8646-B5B85B871851}"
EndProject
Global
	GlobalSection(SolutionConfigurationPlatforms) = preSolution
		DEBUG_A|Any CPU = DEBUG_A|Any CPU
		DEBUG_ALI|Any CPU = DEBUG_ALI|Any CPU
		DEBUG_AND|Any CPU = DEBUG_AND|Any CPU
		DEBUG_B|Any CPU = DEBUG_B|Any CPU
		DEBUG_FAI|Any CPU = DEBUG_FAI|Any CPU
		DEBUG_MUS|Any CPU = DEBUG_MUS|Any CPU
		DEBUG_RAM|Any CPU = DEBUG_RAM|Any CPU
		DEBUG_ZUB|Any CPU = DEBUG_ZUB|Any CPU
		Debug|Any CPU = Debug|Any CPU
		rDebug|Any CPU = rDebug|Any CPU
		Release|Any CPU = Release|Any CPU
	EndGlobalSection
	GlobalSection(ProjectConfigurationPlatforms) = postSolution
		{52A85B6F-9C61-4BCC-8646-B5B85B871851}.DEBUG_A|Any CPU.ActiveCfg = DEBUG_A|Any CPU
		{52A85B6F-9C61-4BCC-8646-B5B85B871851}.DEBUG_A|Any CPU.Build.0 = DEBUG_A|Any CPU
		{52A85B6F-9C61-4BCC-8646-B5B85B871851}.DEBUG_ALI|Any CPU.ActiveCfg = DEBUG_ALI|Any CPU
		{52A85B6F-9C61-4BCC-8646-B5B85B871851}.DEBUG_ALI|Any CPU.Build.0 = DEBUG_ALI|Any CPU
		{52A85B6F-9C61-4BCC-8646-B5B85B871851}.DEBUG_AND|Any CPU.ActiveCfg = DEBUG_AND|Any CPU
		{52A85B6F-9C61-4BCC-8646-B5B85B871851}.DEBUG_AND|Any CPU.Build.0 = DEBUG_AND|Any CPU
		{52A85B6F-9C61-4BCC-8646-B5B85B871851}.DEBUG_B|Any CPU.ActiveCfg = DEBUG_B|Any CPU
		{52A85B6F-9C61-4BCC-8646-B5B85B871851}.DEBUG_B|Any CPU.Build.0 = DEBUG_B|Any CPU
		{52A85B6F-9C61-4BCC-8646-B5B85B871851}.DEBUG_FAI|Any CPU.ActiveCfg = DEBUG_FAI|Any CPU
		{52A85B6F-9C61-4BCC-8646-B5B85B871851}.DEBUG_FAI|Any CPU.Build.0 = DEBUG_FAI|Any CPU
		{52A85B6F-9C61-4BCC-8646-B5B85B871851}.DEBUG_MUS|Any CPU.ActiveCfg = DEBUG_MUS|Any CPU
		{52A85B6F-9C61-4BCC-8646-B5B85B871851}.DEBUG_MUS|Any CPU.Build.0 = DEBUG_MUS|Any CPU
		{52A85B6F-9C61-4BCC-8646-B5B85B871851}.DEBUG_RAM|Any CPU.ActiveCfg = DEBUG_RAM|Any CPU
		{52A85B6F-9C61-4BCC-8646-B5B85B871851}.DEBUG_RAM|Any CPU.Build.0 = DEBUG_RAM|Any CPU
		{52A85B6F-9C61-4BCC-8646-B5B85B871851}.DEBUG_ZUB|Any CPU.ActiveCfg = DEBUG_ZUB|Any CPU
		{52A85B6F-9C61-4BCC-8646-B5B85B871851}.DEBUG_ZUB|Any CPU.Build.0 = DEBUG_ZUB|Any CPU
		{52A85B6F-9C61-4BCC-8646-B5B85B871851}.Debug|Any CPU.ActiveCfg = Debug|Any CPU
		{52A85B6F-9C61-4BCC-8646-B5B85B871851}.Debug|Any CPU.Build.0 = Debug|Any CPU
		{52A85B6F-9C61-4BCC-8646-B5B85B871851}.rDebug|Any CPU.ActiveCfg = rDebug|Any CPU
		{52A85B6F-9C61-4BCC-8646-B5B85B871851}.rDebug|Any CPU.Build.0 = rDebug|Any CPU
		{52A85B6F-9C61-4BCC-8646-B5B85B871851}.Release|Any CPU.ActiveCfg = Release|Any CPU
		{52A85B6F-9C61-4BCC-8646-B5B85B871851}.Release|Any CPU.Build.0 = Release|Any CPU
	EndGlobalSection
	GlobalSection(SolutionProperties) = preSolution
		HideSolutionNode = FALSE
	EndGlobalSection
	GlobalSection(ExtensibilityGlobals) = postSolution
		SolutionGuid = {C4612CF4-BD08-4A96-ACA4-C2B5F58E6F94}
	EndGlobalSection
EndGlobal
